
Microsoft Visual Studio Solution File, Format Version 12.00
# Visual Studio 15
VisualStudioVersion = 15.0.26730.16
MinimumVisualStudioVersion = 10.0.40219.1
Project("{FAE04EC0-301F-11D3-BF4B-00C04F79EFBC}") = "EventhubCaptureExtractor", "EventhubCaptureExtractor\EventhubCaptureExtractor.csproj", "{03B242B7-8B16-401D-88D9-DD546C111CEB}"
EndProject
Project("{FAE04EC0-301F-11D3-BF4B-00C04F79EFBC}") = "EventhubCaptureExtractorTest", "EventhubCaptureExtractorTest\EventhubCaptureExtractorTest.csproj", "{630E6E88-31E1-4434-B9B7-D30FF028E267}"
EndProject
Global
	GlobalSection(SolutionConfigurationPlatforms) = preSolution
		Debug|Any CPU = Debug|Any CPU
		Release|Any CPU = Release|Any CPU
	EndGlobalSection
	GlobalSection(ProjectConfigurationPlatforms) = postSolution
		{03B242B7-8B16-401D-88D9-DD546C111CEB}.Debug|Any CPU.ActiveCfg = Debug|Any CPU
		{03B242B7-8B16-401D-88D9-DD546C111CEB}.Debug|Any CPU.Build.0 = Debug|Any CPU
		{03B242B7-8B16-401D-88D9-DD546C111CEB}.Release|Any CPU.ActiveCfg = Release|Any CPU
		{03B242B7-8B16-401D-88D9-DD546C111CEB}.Release|Any CPU.Build.0 = Release|Any CPU
		{630E6E88-31E1-4434-B9B7-D30FF028E267}.Debug|Any CPU.ActiveCfg = Debug|Any CPU
		{630E6E88-31E1-4434-B9B7-D30FF028E267}.Debug|Any CPU.Build.0 = Debug|Any CPU
		{630E6E88-31E1-4434-B9B7-D30FF028E267}.Release|Any CPU.ActiveCfg = Release|Any CPU
		{630E6E88-31E1-4434-B9B7-D30FF028E267}.Release|Any CPU.Build.0 = Release|Any CPU
	EndGlobalSection
	GlobalSection(SolutionProperties) = preSolution
		HideSolutionNode = FALSE
	EndGlobalSection
	GlobalSection(ExtensibilityGlobals) = postSolution
		SolutionGuid = {C1A12D68-F643-43A9-B064-82B49A4EEDC8}
	EndGlobalSection
EndGlobal
